// !$*UTF8*$!
{
	archiveVersion = 1;
	classes = {
	};
	objectVersion = 56;
	objects = {

/* Begin PBXBuildFile section */
		047F804529B0D0EA003E15C7 /* main.swift in Sources */ = {isa = PBXBuildFile; fileRef = 047F804429B0D0EA003E15C7 /* main.swift */; };
		04FE1E8229D66F4300BA2859 /* menu.swift in Sources */ = {isa = PBXBuildFile; fileRef = 04FE1E8129D66F4300BA2859 /* menu.swift */; };
		04FE1E8429D66F6400BA2859 /* shop.swift in Sources */ = {isa = PBXBuildFile; fileRef = 04FE1E8329D66F6400BA2859 /* shop.swift */; };
		04FE1E8629D676D800BA2859 /* item.swift in Sources */ = {isa = PBXBuildFile; fileRef = 04FE1E8529D676D800BA2859 /* item.swift */; };
		04FE1E8829D67F0900BA2859 /* cart.swift in Sources */ = {isa = PBXBuildFile; fileRef = 04FE1E8729D67F0900BA2859 /* cart.swift */; };
/* End PBXBuildFile section */

/* Begin PBXCopyFilesBuildPhase section */
		047F803F29B0D0EA003E15C7 /* CopyFiles */ = {
			isa = PBXCopyFilesBuildPhase;
			buildActionMask = 2147483647;
			dstPath = /usr/share/man/man1/;
			dstSubfolderSpec = 0;
			files = (
			);
			runOnlyForDeploymentPostprocessing = 1;
		};
/* End PBXCopyFilesBuildPhase section */

/* Begin PBXFileReference section */
		047F804129B0D0EA003E15C7 /* AFL1-0706012110009-StefanusReynaldo */ = {isa = PBXFileReference; explicitFileType = "compiled.mach-o.executable"; includeInIndex = 0; path = "AFL1-0706012110009-StefanusReynaldo"; sourceTree = BUILT_PRODUCTS_DIR; };
		047F804429B0D0EA003E15C7 /* main.swift */ = {isa = PBXFileReference; lastKnownFileType = sourcecode.swift; path = main.swift; sourceTree = "<group>"; };
		04FE1E8129D66F4300BA2859 /* menu.swift */ = {isa = PBXFileReference; lastKnownFileType = sourcecode.swift; path = menu.swift; sourceTree = "<group>"; };
		04FE1E8329D66F6400BA2859 /* shop.swift */ = {isa = PBXFileReference; lastKnownFileType = sourcecode.swift; path = shop.swift; sourceTree = "<group>"; };
		04FE1E8529D676D800BA2859 /* item.swift */ = {isa = PBXFileReference; lastKnownFileType = sourcecode.swift; path = item.swift; sourceTree = "<group>"; };
		04FE1E8729D67F0900BA2859 /* cart.swift */ = {isa = PBXFileReference; lastKnownFileType = sourcecode.swift; path = cart.swift; sourceTree = "<group>"; };
/* End PBXFileReference section */

/* Begin PBXFrameworksBuildPhase section */
		047F803E29B0D0EA003E15C7 /* Frameworks */ = {
			isa = PBXFrameworksBuildPhase;
			buildActionMask = 2147483647;
			files = (
			);
			runOnlyForDeploymentPostprocessing = 0;
		};
/* End PBXFrameworksBuildPhase section */

/* Begin PBXGroup section */
		047F803829B0D0EA003E15C7 = {
			isa = PBXGroup;
			children = (
				047F804329B0D0EA003E15C7 /* AFL1-0706012110009-StefanusReynaldo */,
				047F804229B0D0EA003E15C7 /* Products */,
			);
			sourceTree = "<group>";
		};
		047F804229B0D0EA003E15C7 /* Products */ = {
			isa = PBXGroup;
			children = (
				047F804129B0D0EA003E15C7 /* AFL1-0706012110009-StefanusReynaldo */,
			);
			name = Products;
			sourceTree = "<group>";
		};
		047F804329B0D0EA003E15C7 /* AFL1-0706012110009-StefanusReynaldo */ = {
			isa = PBXGroup;
			children = (
				047F804429B0D0EA003E15C7 /* main.swift */,
				04FE1E8129D66F4300BA2859 /* menu.swift */,
				04FE1E8329D66F6400BA2859 /* shop.swift */,
				04FE1E8529D676D800BA2859 /* item.swift */,
				04FE1E8729D67F0900BA2859 /* cart.swift */,
			);
			path = "AFL1-0706012110009-StefanusReynaldo";
			sourceTree = "<group>";
		};
/* End PBXGroup section */

/* Begin PBXNativeTarget section */
		047F804029B0D0EA003E15C7 /* AFL1-0706012110009-StefanusReynaldo */ = {
			isa = PBXNativeTarget;
			buildConfigurationList = 047F804829B0D0EA003E15C7 /* Build configuration list for PBXNativeTarget "AFL1-0706012110009-StefanusReynaldo" */;
			buildPhases = (
				047F803D29B0D0EA003E15C7 /* Sources */,
				047F803E29B0D0EA003E15C7 /* Frameworks */,
				047F803F29B0D0EA003E15C7 /* CopyFiles */,
			);
			buildRules = (
			);
			dependencies = (
			);
			name = "AFL1-0706012110009-StefanusReynaldo";
			productName = "AFL1-0706012110009-StefanusReynaldo";
			productReference = 047F804129B0D0EA003E15C7 /* AFL1-0706012110009-StefanusReynaldo */;
			productType = "com.apple.product-type.tool";
		};
/* End PBXNativeTarget section */

/* Begin PBXProject section */
		047F803929B0D0EA003E15C7 /* Project object */ = {
			isa = PBXProject;
			attributes = {
				BuildIndependentTargetsInParallel = 1;
				LastSwiftUpdateCheck = 1420;
				LastUpgradeCheck = 1420;
				TargetAttributes = {
					047F804029B0D0EA003E15C7 = {
						CreatedOnToolsVersion = 14.2;
					};
				};
			};
			buildConfigurationList = 047F803C29B0D0EA003E15C7 /* Build configuration list for PBXProject "AFL1-0706012110009-StefanusReynaldo" */;
			compatibilityVersion = "Xcode 14.0";
			developmentRegion = en;
			hasScannedForEncodings = 0;
			knownRegions = (
				en,
				Base,
			);
			mainGroup = 047F803829B0D0EA003E15C7;
			productRefGroup = 047F804229B0D0EA003E15C7 /* Products */;
			projectDirPath = "";
			projectRoot = "";
			targets = (
				047F804029B0D0EA003E15C7 /* AFL1-0706012110009-StefanusReynaldo */,
			);
		};
/* End PBXProject section */

/* Begin PBXSourcesBuildPhase section */
		047F803D29B0D0EA003E15C7 /* Sources */ = {
			isa = PBXSourcesBuildPhase;
			buildActionMask = 2147483647;
			files = (
				04FE1E8629D676D800BA2859 /* item.swift in Sources */,
				04FE1E8429D66F6400BA2859 /* shop.swift in Sources */,
				04FE1E8229D66F4300BA2859 /* menu.swift in Sources */,
				04FE1E8829D67F0900BA2859 /* cart.swift in Sources */,
				047F804529B0D0EA003E15C7 /* main.swift in Sources */,
			);
			runOnlyForDeploymentPostprocessing = 0;
		};
/* End PBXSourcesBuildPhase section */

/* Begin XCBuildConfiguration section */
		047F804629B0D0EA003E15C7 /* Debug */ = {
			isa = XCBuildConfiguration;
			buildSettings = {
				ALWAYS_SEARCH_USER_PATHS = NO;
				CLANG_ANALYZER_NONNULL = YES;
				CLANG_ANALYZER_NUMBER_OBJECT_CONVERSION = YES_AGGRESSIVE;
				CLANG_CXX_LANGUAGE_STANDARD = "gnu++20";
				CLANG_ENABLE_MODULES = YES;
				CLANG_ENABLE_OBJC_ARC = YES;
				CLANG_ENABLE_OBJC_WEAK = YES;
				CLANG_WARN_BLOCK_CAPTURE_AUTORELEASING = YES;
				CLANG_WARN_BOOL_CONVERSION = YES;
				CLANG_WARN_COMMA = YES;
				CLANG_WARN_CONSTANT_CONVERSION = YES;
				CLANG_WARN_DEPRECATED_OBJC_IMPLEMENTATIONS = YES;
				CLANG_WARN_DIRECT_OBJC_ISA_USAGE = YES_ERROR;
				CLANG_WARN_DOCUMENTATION_COMMENTS = YES;
				CLANG_WARN_EMPTY_BODY = YES;
				CLANG_WARN_ENUM_CONVERSION = YES;
				CLANG_WARN_INFINITE_RECURSION = YES;
				CLANG_WARN_INT_CONVERSION = YES;
				CLANG_WARN_NON_LITERAL_NULL_CONVERSION = YES;
				CLANG_WARN_OBJC_IMPLICIT_RETAIN_SELF = YES;
				CLANG_WARN_OBJC_LITERAL_CONVERSION = YES;
				CLANG_WARN_OBJC_ROOT_CLASS = YES_ERROR;
				CLANG_WARN_QUOTED_INCLUDE_IN_FRAMEWORK_HEADER = YES;
				CLANG_WARN_RANGE_LOOP_ANALYSIS = YES;
				CLANG_WARN_STRICT_PROTOTYPES = YES;
				CLANG_WARN_SUSPICIOUS_MOVE = YES;
				CLANG_WARN_UNGUARDED_AVAILABILITY = YES_AGGRESSIVE;
				CLANG_WARN_UNREACHABLE_CODE = YES;
				CLANG_WARN__DUPLICATE_METHOD_MATCH = YES;
				COPY_PHASE_STRIP = NO;
				DEBUG_INFORMATION_FORMAT = dwarf;
				ENABLE_STRICT_OBJC_MSGSEND = YES;
				ENABLE_TESTABILITY = YES;
				GCC_C_LANGUAGE_STANDARD = gnu11;
				GCC_DYNAMIC_NO_PIC = NO;
				GCC_NO_COMMON_BLOCKS = YES;
				GCC_OPTIMIZATION_LEVEL = 0;
				GCC_PREPROCESSOR_DEFINITIONS = (
					"DEBUG=1",
					"$(inherited)",
				);
				GCC_WARN_64_TO_32_BIT_CONVERSION = YES;
				GCC_WARN_ABOUT_RETURN_TYPE = YES_ERROR;
				GCC_WARN_UNDECLARED_SELECTOR = YES;
				GCC_WARN_UNINITIALIZED_AUTOS = YES_AGGRESSIVE;
				GCC_WARN_UNUSED_FUNCTION = YES;
				GCC_WARN_UNUSED_VARIABLE = YES;
				MACOSX_DEPLOYMENT_TARGET = 13.1;
				MTL_ENABLE_DEBUG_INFO = INCLUDE_SOURCE;
				MTL_FAST_MATH = YES;
				ONLY_ACTIVE_ARCH = YES;
				SDKROOT = macosx;
				SWIFT_ACTIVE_COMPILATION_CONDITIONS = DEBUG;
				SWIFT_OPTIMIZATION_LEVEL = "-Onone";
			};
			name = Debug;
		};
		047F804729B0D0EA003E15C7 /* Release */ = {
			isa = XCBuildConfiguration;
			buildSettings = {
				ALWAYS_SEARCH_USER_PATHS = NO;
				CLANG_ANALYZER_NONNULL = YES;
				CLANG_ANALYZER_NUMBER_OBJECT_CONVERSION = YES_AGGRESSIVE;
				CLANG_CXX_LANGUAGE_STANDARD = "gnu++20";
				CLANG_ENABLE_MODULES = YES;
				CLANG_ENABLE_OBJC_ARC = YES;
				CLANG_ENABLE_OBJC_WEAK = YES;
				CLANG_WARN_BLOCK_CAPTURE_AUTORELEASING = YES;
				CLANG_WARN_BOOL_CONVERSION = YES;
				CLANG_WARN_COMMA = YES;
				CLANG_WARN_CONSTANT_CONVERSION = YES;
				CLANG_WARN_DEPRECATED_OBJC_IMPLEMENTATIONS = YES;
				CLANG_WARN_DIRECT_OBJC_ISA_USAGE = YES_ERROR;
				CLANG_WARN_DOCUMENTATION_COMMENTS = YES;
				CLANG_WARN_EMPTY_BODY = YES;
				CLANG_WARN_ENUM_CONVERSION = YES;
				CLANG_WARN_INFINITE_RECURSION = YES;
				CLANG_WARN_INT_CONVERSION = YES;
				CLANG_WARN_NON_LITERAL_NULL_CONVERSION = YES;
				CLANG_WARN_OBJC_IMPLICIT_RETAIN_SELF = YES;
				CLANG_WARN_OBJC_LITERAL_CONVERSION = YES;
				CLANG_WARN_OBJC_ROOT_CLASS = YES_ERROR;
				CLANG_WARN_QUOTED_INCLUDE_IN_FRAMEWORK_HEADER = YES;
				CLANG_WARN_RANGE_LOOP_ANALYSIS = YES;
				CLANG_WARN_STRICT_PROTOTYPES = YES;
				CLANG_WARN_SUSPICIOUS_MOVE = YES;
				CLANG_WARN_UNGUARDED_AVAILABILITY = YES_AGGRESSIVE;
				CLANG_WARN_UNREACHABLE_CODE = YES;
				CLANG_WARN__DUPLICATE_METHOD_MATCH = YES;
				COPY_PHASE_STRIP = NO;
				DEBUG_INFORMATION_FORMAT = "dwarf-with-dsym";
				ENABLE_NS_ASSERTIONS = NO;
				ENABLE_STRICT_OBJC_MSGSEND = YES;
				GCC_C_LANGUAGE_STANDARD = gnu11;
				GCC_NO_COMMON_BLOCKS = YES;
				GCC_WARN_64_TO_32_BIT_CONVERSION = YES;
				GCC_WARN_ABOUT_RETURN_TYPE = YES_ERROR;
				GCC_WARN_UNDECLARED_SELECTOR = YES;
				GCC_WARN_UNINITIALIZED_AUTOS = YES_AGGRESSIVE;
				GCC_WARN_UNUSED_FUNCTION = YES;
				GCC_WARN_UNUSED_VARIABLE = YES;
				MACOSX_DEPLOYMENT_TARGET = 13.1;
				MTL_ENABLE_DEBUG_INFO = NO;
				MTL_FAST_MATH = YES;
				SDKROOT = macosx;
				SWIFT_COMPILATION_MODE = wholemodule;
				SWIFT_OPTIMIZATION_LEVEL = "-O";
			};
			name = Release;
		};
		047F804929B0D0EA003E15C7 /* Debug */ = {
			isa = XCBuildConfiguration;
			buildSettings = {
				CODE_SIGN_STYLE = Automatic;
				DEVELOPMENT_TEAM = 3936S63Y3Q;
				ENABLE_HARDENED_RUNTIME = YES;
				PRODUCT_NAME = "$(TARGET_NAME)";
				SWIFT_VERSION = 5.0;
			};
			name = Debug;
		};
		047F804A29B0D0EA003E15C7 /* Release */ = {
			isa = XCBuildConfiguration;
			buildSettings = {
				CODE_SIGN_STYLE = Automatic;
				DEVELOPMENT_TEAM = 3936S63Y3Q;
				ENABLE_HARDENED_RUNTIME = YES;
				PRODUCT_NAME = "$(TARGET_NAME)";
				SWIFT_VERSION = 5.0;
			};
			name = Release;
		};
/* End XCBuildConfiguration section */

/* Begin XCConfigurationList section */
		047F803C29B0D0EA003E15C7 /* Build configuration list for PBXProject "AFL1-0706012110009-StefanusReynaldo" */ = {
			isa = XCConfigurationList;
			buildConfigurations = (
				047F804629B0D0EA003E15C7 /* Debug */,
				047F804729B0D0EA003E15C7 /* Release */,
			);
			defaultConfigurationIsVisible = 0;
			defaultConfigurationName = Release;
		};
		047F804829B0D0EA003E15C7 /* Build configuration list for PBXNativeTarget "AFL1-0706012110009-StefanusReynaldo" */ = {
			isa = XCConfigurationList;
			buildConfigurations = (
				047F804929B0D0EA003E15C7 /* Debug */,
				047F804A29B0D0EA003E15C7 /* Release */,
			);
			defaultConfigurationIsVisible = 0;
			defaultConfigurationName = Release;
		};
/* End XCConfigurationList section */
	};
	rootObject = 047F803929B0D0EA003E15C7 /* Project object */;
}
